{
  "name": "hackweek",
  "version": "1.0.0",
  "lockfileVersion": 2,
  "requires": true,
  "packages": {
    "": {
      "name": "hackweek",
      "version": "1.0.0",
      "license": "ISC",
      "dependencies": {
        "giojs": "^2.2.2",
        "three": "^0.102.1"
      }
    },
    "node_modules/giojs": {
      "version": "2.2.2",
      "resolved": "https://registry.npmjs.org/giojs/-/giojs-2.2.2.tgz",
      "integrity": "sha512-4YTo4OnAfHhH3xpA5MvUF5i1v00t6K/BNjwy2g0HwAsVVtEw9EV2QxIyM0WA3rJKd/LP/rI3UZFE+EpqO3PNOQ==",
      "dependencies": {
        "stats.js": "^0.17.0",
        "three": "^0.102.1"
      }
    },
    "node_modules/stats.js": {
      "version": "0.17.0",
      "resolved": "https://registry.npmjs.org/stats.js/-/stats.js-0.17.0.tgz",
      "integrity": "sha1-scPcRtlEmLV4t/05hbgaznExzH0="
    },
    "node_modules/three": {
      "version": "0.102.1",
      "resolved": "https://registry.npmjs.org/three/-/three-0.102.1.tgz",
      "integrity": "sha512-btHBdww/Es4vdBkB2GjTE9mpj0vy8tgtxkX7ne7uxySXV8zoGxWJv1N88BydxnCqvAfmD4ZUTqPeESO7oDgeOQ=="
    }
  },
  "dependencies": {
    "giojs": {
      "version": "2.2.2",
      "resolved": "https://registry.npmjs.org/giojs/-/giojs-2.2.2.tgz",
      "integrity": "sha512-4YTo4OnAfHhH3xpA5MvUF5i1v00t6K/BNjwy2g0HwAsVVtEw9EV2QxIyM0WA3rJKd/LP/rI3UZFE+EpqO3PNOQ==",
      "requires": {
        "stats.js": "^0.17.0",
        "three": "^0.102.1"
      }
    },
    "stats.js": {
      "version": "0.17.0",
      "resolved": "https://registry.npmjs.org/stats.js/-/stats.js-0.17.0.tgz",
      "integrity": "sha1-scPcRtlEmLV4t/05hbgaznExzH0="
    },
    "three": {
      "version": "0.102.1",
      "resolved": "https://registry.npmjs.org/three/-/three-0.102.1.tgz",
      "integrity": "sha512-btHBdww/Es4vdBkB2GjTE9mpj0vy8tgtxkX7ne7uxySXV8zoGxWJv1N88BydxnCqvAfmD4ZUTqPeESO7oDgeOQ=="
    }
  }
}
